
Microsoft Visual Studio Solution File, Format Version 12.00
# Visual Studio 15
VisualStudioVersion = 15.0.27703.1
MinimumVisualStudioVersion = 10.0.40219.1
Project("{FAE04EC0-301F-11D3-BF4B-00C04F79EFBC}") = "AnticaptchaNet", "AnticaptchaNet\AnticaptchaNet.csproj", "{C078E18C-07C8-41CE-9F5B-E9E7335FD27D}"
EndProject
Project("{FAE04EC0-301F-11D3-BF4B-00C04F79EFBC}") = "AnticaptchaNet.Tests", "AnticaptchaNet.Tests\AnticaptchaNet.Tests.csproj", "{F01A3B97-ABC5-452A-9925-3892B39BC917}"
EndProject
Global
	GlobalSection(SolutionConfigurationPlatforms) = preSolution
		Debug|Any CPU = Debug|Any CPU
		Release|Any CPU = Release|Any CPU
	EndGlobalSection
	GlobalSection(ProjectConfigurationPlatforms) = postSolution
		{C078E18C-07C8-41CE-9F5B-E9E7335FD27D}.Debug|Any CPU.ActiveCfg = Debug|Any CPU
		{C078E18C-07C8-41CE-9F5B-E9E7335FD27D}.Debug|Any CPU.Build.0 = Debug|Any CPU
		{C078E18C-07C8-41CE-9F5B-E9E7335FD27D}.Release|Any CPU.ActiveCfg = Release|Any CPU
		{C078E18C-07C8-41CE-9F5B-E9E7335FD27D}.Release|Any CPU.Build.0 = Release|Any CPU
		{F01A3B97-ABC5-452A-9925-3892B39BC917}.Debug|Any CPU.ActiveCfg = Debug|Any CPU
		{F01A3B97-ABC5-452A-9925-3892B39BC917}.Debug|Any CPU.Build.0 = Debug|Any CPU
		{F01A3B97-ABC5-452A-9925-3892B39BC917}.Release|Any CPU.ActiveCfg = Release|Any CPU
		{F01A3B97-ABC5-452A-9925-3892B39BC917}.Release|Any CPU.Build.0 = Release|Any CPU
	EndGlobalSection
	GlobalSection(SolutionProperties) = preSolution
		HideSolutionNode = FALSE
	EndGlobalSection
	GlobalSection(ExtensibilityGlobals) = postSolution
		SolutionGuid = {05ED4C9C-2AA0-495C-ADDC-AAB48EC66C7C}
	EndGlobalSection
EndGlobal
